
Microsoft Visual Studio Solution File, Format Version 12.00
# Visual Studio 15
VisualStudioVersion = 15.0.28307.168
MinimumVisualStudioVersion = 10.0.40219.1
Project("{FAE04EC0-301F-11D3-BF4B-00C04F79EFBC}") = "newgameproj_with1chalange", "newgameproj_with1chalange\newgameproj_with1chalange.csproj", "{03A5FE08-0F9E-40AF-8F8A-828A0F43A1ED}"
EndProject
Global
	GlobalSection(SolutionConfigurationPlatforms) = preSolution
		Debug|Any CPU = Debug|Any CPU
		Release|Any CPU = Release|Any CPU
	EndGlobalSection
	GlobalSection(ProjectConfigurationPlatforms) = postSolution
		{03A5FE08-0F9E-40AF-8F8A-828A0F43A1ED}.Debug|Any CPU.ActiveCfg = Debug|Any CPU
		{03A5FE08-0F9E-40AF-8F8A-828A0F43A1ED}.Debug|Any CPU.Build.0 = Debug|Any CPU
		{03A5FE08-0F9E-40AF-8F8A-828A0F43A1ED}.Release|Any CPU.ActiveCfg = Release|Any CPU
		{03A5FE08-0F9E-40AF-8F8A-828A0F43A1ED}.Release|Any CPU.Build.0 = Release|Any CPU
	EndGlobalSection
	GlobalSection(SolutionProperties) = preSolution
		HideSolutionNode = FALSE
	EndGlobalSection
	GlobalSection(ExtensibilityGlobals) = postSolution
		SolutionGuid = {29ACF946-E7CE-4CB3-99A9-A57E59C07D7E}
	EndGlobalSection
EndGlobal
